
Microsoft Visual Studio Solution File, Format Version 12.00
# Visual Studio Version 17
VisualStudioVersion = 17.5.33209.295
MinimumVisualStudioVersion = 10.0.40219.1
Project("{FAE04EC0-301F-11D3-BF4B-00C04F79EFBC}") = "UserDataStoreStub", "UserDataStoreStub\UserDataStoreStub.csproj", "{6C35AF95-905C-4DC7-AE0E-81AE2EE9AA72}"
EndProject
Global
	GlobalSection(SolutionConfigurationPlatforms) = preSolution
		Debug|Any CPU = Debug|Any CPU
		Release|Any CPU = Release|Any CPU
	EndGlobalSection
	GlobalSection(ProjectConfigurationPlatforms) = postSolution
		{6C35AF95-905C-4DC7-AE0E-81AE2EE9AA72}.Debug|Any CPU.ActiveCfg = Debug|Any CPU
		{6C35AF95-905C-4DC7-AE0E-81AE2EE9AA72}.Debug|Any CPU.Build.0 = Debug|Any CPU
		{6C35AF95-905C-4DC7-AE0E-81AE2EE9AA72}.Release|Any CPU.ActiveCfg = Release|Any CPU
		{6C35AF95-905C-4DC7-AE0E-81AE2EE9AA72}.Release|Any CPU.Build.0 = Release|Any CPU
	EndGlobalSection
	GlobalSection(SolutionProperties) = preSolution
		HideSolutionNode = FALSE
	EndGlobalSection
	GlobalSection(ExtensibilityGlobals) = postSolution
		SolutionGuid = {68C91C8D-7582-47B8-BFC8-991A0B8A7229}
	EndGlobalSection
EndGlobal
